
Microsoft Visual Studio Solution File, Format Version 12.00
Project("{FAE04EC0-301F-11D3-BF4B-00C04F79EFBC}") = "Task10", "Task10\Task10.csproj", "{1C5FED56-1C16-462C-8F65-15CD4055B545}"
EndProject
Global
	GlobalSection(SolutionConfigurationPlatforms) = preSolution
		Debug|Any CPU = Debug|Any CPU
		Release|Any CPU = Release|Any CPU
	EndGlobalSection
	GlobalSection(ProjectConfigurationPlatforms) = postSolution
		{1C5FED56-1C16-462C-8F65-15CD4055B545}.Debug|Any CPU.ActiveCfg = Debug|Any CPU
		{1C5FED56-1C16-462C-8F65-15CD4055B545}.Debug|Any CPU.Build.0 = Debug|Any CPU
		{1C5FED56-1C16-462C-8F65-15CD4055B545}.Release|Any CPU.ActiveCfg = Release|Any CPU
		{1C5FED56-1C16-462C-8F65-15CD4055B545}.Release|Any CPU.Build.0 = Release|Any CPU
	EndGlobalSection
EndGlobal
